
Microsoft Visual Studio Solution File, Format Version 12.00
# Visual Studio Version 17
VisualStudioVersion = 17.6.33712.159
MinimumVisualStudioVersion = 10.0.40219.1
Project("{8BC9CEB8-8B4A-11D0-8D11-00A0C91BC942}") = "HW_0518", "HW_0518\HW_0518.vcxproj", "{13A1B23D-918C-473D-979A-90BBD3B60333}"
EndProject
Project("{8BC9CEB8-8B4A-11D0-8D11-00A0C91BC942}") = "HW_0519", "HW_0519\HW_0519.vcxproj", "{AF106753-3F48-4C54-97E6-5ACB7889936C}"
EndProject
Project("{8BC9CEB8-8B4A-11D0-8D11-00A0C91BC942}") = "HW_0522", "HW_0522\HW_0522.vcxproj", "{60D2E43D-7DAD-4839-AAA8-531C1A41A9CD}"
EndProject
Project("{8BC9CEB8-8B4A-11D0-8D11-00A0C91BC942}") = "HW_0523", "HW_0523\HW_0523.vcxproj", "{985A65F1-ABC4-45C9-9B43-967A13482F85}"
EndProject
Global
	GlobalSection(SolutionConfigurationPlatforms) = preSolution
		Debug|x64 = Debug|x64
		Debug|x86 = Debug|x86
		Release|x64 = Release|x64
		Release|x86 = Release|x86
	EndGlobalSection
	GlobalSection(ProjectConfigurationPlatforms) = postSolution
		{13A1B23D-918C-473D-979A-90BBD3B60333}.Debug|x64.ActiveCfg = Debug|x64
		{13A1B23D-918C-473D-979A-90BBD3B60333}.Debug|x64.Build.0 = Debug|x64
		{13A1B23D-918C-473D-979A-90BBD3B60333}.Debug|x86.ActiveCfg = Debug|Win32
		{13A1B23D-918C-473D-979A-90BBD3B60333}.Debug|x86.Build.0 = Debug|Win32
		{13A1B23D-918C-473D-979A-90BBD3B60333}.Release|x64.ActiveCfg = Release|x64
		{13A1B23D-918C-473D-979A-90BBD3B60333}.Release|x64.Build.0 = Release|x64
		{13A1B23D-918C-473D-979A-90BBD3B60333}.Release|x86.ActiveCfg = Release|Win32
		{13A1B23D-918C-473D-979A-90BBD3B60333}.Release|x86.Build.0 = Release|Win32
		{AF106753-3F48-4C54-97E6-5ACB7889936C}.Debug|x64.ActiveCfg = Debug|x64
		{AF106753-3F48-4C54-97E6-5ACB7889936C}.Debug|x64.Build.0 = Debug|x64
		{AF106753-3F48-4C54-97E6-5ACB7889936C}.Debug|x86.ActiveCfg = Debug|Win32
		{AF106753-3F48-4C54-97E6-5ACB7889936C}.Debug|x86.Build.0 = Debug|Win32
		{AF106753-3F48-4C54-97E6-5ACB7889936C}.Release|x64.ActiveCfg = Release|x64
		{AF106753-3F48-4C54-97E6-5ACB7889936C}.Release|x64.Build.0 = Release|x64
		{AF106753-3F48-4C54-97E6-5ACB7889936C}.Release|x86.ActiveCfg = Release|Win32
		{AF106753-3F48-4C54-97E6-5ACB7889936C}.Release|x86.Build.0 = Release|Win32
		{60D2E43D-7DAD-4839-AAA8-531C1A41A9CD}.Debug|x64.ActiveCfg = Debug|x64
		{60D2E43D-7DAD-4839-AAA8-531C1A41A9CD}.Debug|x64.Build.0 = Debug|x64
		{60D2E43D-7DAD-4839-AAA8-531C1A41A9CD}.Debug|x86.ActiveCfg = Debug|Win32
		{60D2E43D-7DAD-4839-AAA8-531C1A41A9CD}.Debug|x86.Build.0 = Debug|Win32
		{60D2E43D-7DAD-4839-AAA8-531C1A41A9CD}.Release|x64.ActiveCfg = Release|x64
		{60D2E43D-7DAD-4839-AAA8-531C1A41A9CD}.Release|x64.Build.0 = Release|x64
		{60D2E43D-7DAD-4839-AAA8-531C1A41A9CD}.Release|x86.ActiveCfg = Release|Win32
		{60D2E43D-7DAD-4839-AAA8-531C1A41A9CD}.Release|x86.Build.0 = Release|Win32
		{985A65F1-ABC4-45C9-9B43-967A13482F85}.Debug|x64.ActiveCfg = Debug|x64
		{985A65F1-ABC4-45C9-9B43-967A13482F85}.Debug|x64.Build.0 = Debug|x64
		{985A65F1-ABC4-45C9-9B43-967A13482F85}.Debug|x86.ActiveCfg = Debug|Win32
		{985A65F1-ABC4-45C9-9B43-967A13482F85}.Debug|x86.Build.0 = Debug|Win32
		{985A65F1-ABC4-45C9-9B43-967A13482F85}.Release|x64.ActiveCfg = Release|x64
		{985A65F1-ABC4-45C9-9B43-967A13482F85}.Release|x64.Build.0 = Release|x64
		{985A65F1-ABC4-45C9-9B43-967A13482F85}.Release|x86.ActiveCfg = Release|Win32
		{985A65F1-ABC4-45C9-9B43-967A13482F85}.Release|x86.Build.0 = Release|Win32
	EndGlobalSection
	GlobalSection(SolutionProperties) = preSolution
		HideSolutionNode = FALSE
	EndGlobalSection
	GlobalSection(ExtensibilityGlobals) = postSolution
		SolutionGuid = {6E582147-E4F8-460A-8A6C-BDD301C1CA58}
	EndGlobalSection
EndGlobal
